
Microsoft Visual Studio Solution File, Format Version 12.00
# Visual Studio 2012
Project("{FAE04EC0-301F-11D3-BF4B-00C04F79EFBC}") = "Program 1", "Program 1\Program 1.csproj", "{EAE9DCCC-4615-44C3-9733-EB368F4E8615}"
EndProject
Global
	GlobalSection(SolutionConfigurationPlatforms) = preSolution
		Debug|Any CPU = Debug|Any CPU
		Release|Any CPU = Release|Any CPU
	EndGlobalSection
	GlobalSection(ProjectConfigurationPlatforms) = postSolution
		{EAE9DCCC-4615-44C3-9733-EB368F4E8615}.Debug|Any CPU.ActiveCfg = Debug|Any CPU
		{EAE9DCCC-4615-44C3-9733-EB368F4E8615}.Debug|Any CPU.Build.0 = Debug|Any CPU
		{EAE9DCCC-4615-44C3-9733-EB368F4E8615}.Release|Any CPU.ActiveCfg = Release|Any CPU
		{EAE9DCCC-4615-44C3-9733-EB368F4E8615}.Release|Any CPU.Build.0 = Release|Any CPU
	EndGlobalSection
	GlobalSection(SolutionProperties) = preSolution
		HideSolutionNode = FALSE
	EndGlobalSection
EndGlobal
